
Microsoft Visual Studio Solution File, Format Version 12.00
# Visual Studio Version 16
VisualStudioVersion = 16.0.30621.155
MinimumVisualStudioVersion = 10.0.40219.1
Project("{9A19103F-16F7-4668-BE54-9A1E7A4F7556}") = "QAP-Solution", "QAP-Solution\QAP-Solution.csproj", "{4382967F-1ACF-4A76-9C37-694BBA6AA40E}"
EndProject
Project("{9A19103F-16F7-4668-BE54-9A1E7A4F7556}") = "QAP-Problem", "QAP-Problem\QAP-Problem.csproj", "{5AAE0E6A-8CD2-47AB-B9CB-EB76C5047AB7}"
EndProject
Project("{9A19103F-16F7-4668-BE54-9A1E7A4F7556}") = "Algorithms", "Algorithms\Algorithms.csproj", "{74C81FE4-16DC-423A-96E4-867F7C9A874E}"
EndProject
Project("{9A19103F-16F7-4668-BE54-9A1E7A4F7556}") = "Logger", "Logger\Logger.csproj", "{354A5348-66EF-4268-9375-32E9B38B367B}"
EndProject
Global
	GlobalSection(SolutionConfigurationPlatforms) = preSolution
		Debug|Any CPU = Debug|Any CPU
		Debug|x64 = Debug|x64
		Debug|x86 = Debug|x86
		Release|Any CPU = Release|Any CPU
		Release|x64 = Release|x64
		Release|x86 = Release|x86
	EndGlobalSection
	GlobalSection(ProjectConfigurationPlatforms) = postSolution
		{4382967F-1ACF-4A76-9C37-694BBA6AA40E}.Debug|Any CPU.ActiveCfg = Debug|Any CPU
		{4382967F-1ACF-4A76-9C37-694BBA6AA40E}.Debug|Any CPU.Build.0 = Debug|Any CPU
		{4382967F-1ACF-4A76-9C37-694BBA6AA40E}.Debug|x64.ActiveCfg = Debug|Any CPU
		{4382967F-1ACF-4A76-9C37-694BBA6AA40E}.Debug|x64.Build.0 = Debug|Any CPU
		{4382967F-1ACF-4A76-9C37-694BBA6AA40E}.Debug|x86.ActiveCfg = Debug|Any CPU
		{4382967F-1ACF-4A76-9C37-694BBA6AA40E}.Debug|x86.Build.0 = Debug|Any CPU
		{4382967F-1ACF-4A76-9C37-694BBA6AA40E}.Release|Any CPU.ActiveCfg = Release|Any CPU
		{4382967F-1ACF-4A76-9C37-694BBA6AA40E}.Release|Any CPU.Build.0 = Release|Any CPU
		{4382967F-1ACF-4A76-9C37-694BBA6AA40E}.Release|x64.ActiveCfg = Release|Any CPU
		{4382967F-1ACF-4A76-9C37-694BBA6AA40E}.Release|x64.Build.0 = Release|Any CPU
		{4382967F-1ACF-4A76-9C37-694BBA6AA40E}.Release|x86.ActiveCfg = Release|Any CPU
		{4382967F-1ACF-4A76-9C37-694BBA6AA40E}.Release|x86.Build.0 = Release|Any CPU
		{5AAE0E6A-8CD2-47AB-B9CB-EB76C5047AB7}.Debug|Any CPU.ActiveCfg = Debug|Any CPU
		{5AAE0E6A-8CD2-47AB-B9CB-EB76C5047AB7}.Debug|Any CPU.Build.0 = Debug|Any CPU
		{5AAE0E6A-8CD2-47AB-B9CB-EB76C5047AB7}.Debug|x64.ActiveCfg = Debug|Any CPU
		{5AAE0E6A-8CD2-47AB-B9CB-EB76C5047AB7}.Debug|x64.Build.0 = Debug|Any CPU
		{5AAE0E6A-8CD2-47AB-B9CB-EB76C5047AB7}.Debug|x86.ActiveCfg = Debug|Any CPU
		{5AAE0E6A-8CD2-47AB-B9CB-EB76C5047AB7}.Debug|x86.Build.0 = Debug|Any CPU
		{5AAE0E6A-8CD2-47AB-B9CB-EB76C5047AB7}.Release|Any CPU.ActiveCfg = Release|Any CPU
		{5AAE0E6A-8CD2-47AB-B9CB-EB76C5047AB7}.Release|Any CPU.Build.0 = Release|Any CPU
		{5AAE0E6A-8CD2-47AB-B9CB-EB76C5047AB7}.Release|x64.ActiveCfg = Release|Any CPU
		{5AAE0E6A-8CD2-47AB-B9CB-EB76C5047AB7}.Release|x64.Build.0 = Release|Any CPU
		{5AAE0E6A-8CD2-47AB-B9CB-EB76C5047AB7}.Release|x86.ActiveCfg = Release|Any CPU
		{5AAE0E6A-8CD2-47AB-B9CB-EB76C5047AB7}.Release|x86.Build.0 = Release|Any CPU
		{74C81FE4-16DC-423A-96E4-867F7C9A874E}.Debug|Any CPU.ActiveCfg = Debug|Any CPU
		{74C81FE4-16DC-423A-96E4-867F7C9A874E}.Debug|Any CPU.Build.0 = Debug|Any CPU
		{74C81FE4-16DC-423A-96E4-867F7C9A874E}.Debug|x64.ActiveCfg = Debug|Any CPU
		{74C81FE4-16DC-423A-96E4-867F7C9A874E}.Debug|x64.Build.0 = Debug|Any CPU
		{74C81FE4-16DC-423A-96E4-867F7C9A874E}.Debug|x86.ActiveCfg = Debug|Any CPU
		{74C81FE4-16DC-423A-96E4-867F7C9A874E}.Debug|x86.Build.0 = Debug|Any CPU
		{74C81FE4-16DC-423A-96E4-867F7C9A874E}.Release|Any CPU.ActiveCfg = Release|Any CPU
		{74C81FE4-16DC-423A-96E4-867F7C9A874E}.Release|Any CPU.Build.0 = Release|Any CPU
		{74C81FE4-16DC-423A-96E4-867F7C9A874E}.Release|x64.ActiveCfg = Release|Any CPU
		{74C81FE4-16DC-423A-96E4-867F7C9A874E}.Release|x64.Build.0 = Release|Any CPU
		{74C81FE4-16DC-423A-96E4-867F7C9A874E}.Release|x86.ActiveCfg = Release|Any CPU
		{74C81FE4-16DC-423A-96E4-867F7C9A874E}.Release|x86.Build.0 = Release|Any CPU
		{354A5348-66EF-4268-9375-32E9B38B367B}.Debug|Any CPU.ActiveCfg = Debug|Any CPU
		{354A5348-66EF-4268-9375-32E9B38B367B}.Debug|Any CPU.Build.0 = Debug|Any CPU
		{354A5348-66EF-4268-9375-32E9B38B367B}.Debug|x64.ActiveCfg = Debug|Any CPU
		{354A5348-66EF-4268-9375-32E9B38B367B}.Debug|x64.Build.0 = Debug|Any CPU
		{354A5348-66EF-4268-9375-32E9B38B367B}.Debug|x86.ActiveCfg = Debug|Any CPU
		{354A5348-66EF-4268-9375-32E9B38B367B}.Debug|x86.Build.0 = Debug|Any CPU
		{354A5348-66EF-4268-9375-32E9B38B367B}.Release|Any CPU.ActiveCfg = Release|Any CPU
		{354A5348-66EF-4268-9375-32E9B38B367B}.Release|Any CPU.Build.0 = Release|Any CPU
		{354A5348-66EF-4268-9375-32E9B38B367B}.Release|x64.ActiveCfg = Release|Any CPU
		{354A5348-66EF-4268-9375-32E9B38B367B}.Release|x64.Build.0 = Release|Any CPU
		{354A5348-66EF-4268-9375-32E9B38B367B}.Release|x86.ActiveCfg = Release|Any CPU
		{354A5348-66EF-4268-9375-32E9B38B367B}.Release|x86.Build.0 = Release|Any CPU
	EndGlobalSection
	GlobalSection(SolutionProperties) = preSolution
		HideSolutionNode = FALSE
	EndGlobalSection
	GlobalSection(ExtensibilityGlobals) = postSolution
		SolutionGuid = {AA213454-BE08-484D-9B6F-2B722ADBF7D0}
	EndGlobalSection
EndGlobal
