
Microsoft Visual Studio Solution File, Format Version 12.00
# Visual Studio Version 16
VisualStudioVersion = 16.0.30621.155
MinimumVisualStudioVersion = 10.0.40219.1
Project("{9A19103F-16F7-4668-BE54-9A1E7A4F7556}") = "Solution", "Solution\Solution.csproj", "{74C81FE4-16DC-423A-96E4-867F7C9A874E}"
EndProject
Project("{FAE04EC0-301F-11D3-BF4B-00C04F79EFBC}") = "Console-Runner", "Console-Runner\Console-Runner.csproj", "{0E0415D2-DE15-41B3-8220-F61A04C64A19}"
EndProject
Global
	GlobalSection(SolutionConfigurationPlatforms) = preSolution
		Debug|Any CPU = Debug|Any CPU
		Debug|x64 = Debug|x64
		Debug|x86 = Debug|x86
		Release|Any CPU = Release|Any CPU
		Release|x64 = Release|x64
		Release|x86 = Release|x86
	EndGlobalSection
	GlobalSection(ProjectConfigurationPlatforms) = postSolution
		{74C81FE4-16DC-423A-96E4-867F7C9A874E}.Debug|Any CPU.ActiveCfg = Debug|Any CPU
		{74C81FE4-16DC-423A-96E4-867F7C9A874E}.Debug|Any CPU.Build.0 = Debug|Any CPU
		{74C81FE4-16DC-423A-96E4-867F7C9A874E}.Debug|x64.ActiveCfg = Debug|Any CPU
		{74C81FE4-16DC-423A-96E4-867F7C9A874E}.Debug|x64.Build.0 = Debug|Any CPU
		{74C81FE4-16DC-423A-96E4-867F7C9A874E}.Debug|x86.ActiveCfg = Debug|Any CPU
		{74C81FE4-16DC-423A-96E4-867F7C9A874E}.Debug|x86.Build.0 = Debug|Any CPU
		{74C81FE4-16DC-423A-96E4-867F7C9A874E}.Release|Any CPU.ActiveCfg = Release|Any CPU
		{74C81FE4-16DC-423A-96E4-867F7C9A874E}.Release|Any CPU.Build.0 = Release|Any CPU
		{74C81FE4-16DC-423A-96E4-867F7C9A874E}.Release|x64.ActiveCfg = Release|Any CPU
		{74C81FE4-16DC-423A-96E4-867F7C9A874E}.Release|x64.Build.0 = Release|Any CPU
		{74C81FE4-16DC-423A-96E4-867F7C9A874E}.Release|x86.ActiveCfg = Release|Any CPU
		{74C81FE4-16DC-423A-96E4-867F7C9A874E}.Release|x86.Build.0 = Release|Any CPU
		{0E0415D2-DE15-41B3-8220-F61A04C64A19}.Debug|Any CPU.ActiveCfg = Debug|Any CPU
		{0E0415D2-DE15-41B3-8220-F61A04C64A19}.Debug|Any CPU.Build.0 = Debug|Any CPU
		{0E0415D2-DE15-41B3-8220-F61A04C64A19}.Debug|x64.ActiveCfg = Debug|Any CPU
		{0E0415D2-DE15-41B3-8220-F61A04C64A19}.Debug|x64.Build.0 = Debug|Any CPU
		{0E0415D2-DE15-41B3-8220-F61A04C64A19}.Debug|x86.ActiveCfg = Debug|Any CPU
		{0E0415D2-DE15-41B3-8220-F61A04C64A19}.Debug|x86.Build.0 = Debug|Any CPU
		{0E0415D2-DE15-41B3-8220-F61A04C64A19}.Release|Any CPU.ActiveCfg = Release|Any CPU
		{0E0415D2-DE15-41B3-8220-F61A04C64A19}.Release|Any CPU.Build.0 = Release|Any CPU
		{0E0415D2-DE15-41B3-8220-F61A04C64A19}.Release|x64.ActiveCfg = Release|Any CPU
		{0E0415D2-DE15-41B3-8220-F61A04C64A19}.Release|x64.Build.0 = Release|Any CPU
		{0E0415D2-DE15-41B3-8220-F61A04C64A19}.Release|x86.ActiveCfg = Release|Any CPU
		{0E0415D2-DE15-41B3-8220-F61A04C64A19}.Release|x86.Build.0 = Release|Any CPU
	EndGlobalSection
	GlobalSection(SolutionProperties) = preSolution
		HideSolutionNode = FALSE
	EndGlobalSection
	GlobalSection(ExtensibilityGlobals) = postSolution
		SolutionGuid = {AA213454-BE08-484D-9B6F-2B722ADBF7D0}
	EndGlobalSection
EndGlobal
