
Microsoft Visual Studio Solution File, Format Version 12.00
# Visual Studio Version 16
VisualStudioVersion = 16.0.30320.27
MinimumVisualStudioVersion = 10.0.40219.1
Project("{FAE04EC0-301F-11D3-BF4B-00C04F79EFBC}") = "QAP-CONTEST", "QAP-CONTEST.csproj", "{8D28B163-58E8-4DD8-8C2E-78C4120D3809}"
EndProject
Project("{9A19103F-16F7-4668-BE54-9A1E7A4F7556}") = "QAP-FULLFORCE", "..\QAP-FULLFORCE\QAP-FULLFORCE.csproj", "{E39A7C2B-9BA2-4BD6-96BE-D311368927F0}"
EndProject
Global
	GlobalSection(SolutionConfigurationPlatforms) = preSolution
		Debug|Any CPU = Debug|Any CPU
		Release|Any CPU = Release|Any CPU
	EndGlobalSection
	GlobalSection(ProjectConfigurationPlatforms) = postSolution
		{8D28B163-58E8-4DD8-8C2E-78C4120D3809}.Debug|Any CPU.ActiveCfg = Debug|Any CPU
		{8D28B163-58E8-4DD8-8C2E-78C4120D3809}.Debug|Any CPU.Build.0 = Debug|Any CPU
		{8D28B163-58E8-4DD8-8C2E-78C4120D3809}.Release|Any CPU.ActiveCfg = Release|Any CPU
		{8D28B163-58E8-4DD8-8C2E-78C4120D3809}.Release|Any CPU.Build.0 = Release|Any CPU
		{E39A7C2B-9BA2-4BD6-96BE-D311368927F0}.Debug|Any CPU.ActiveCfg = Debug|Any CPU
		{E39A7C2B-9BA2-4BD6-96BE-D311368927F0}.Debug|Any CPU.Build.0 = Debug|Any CPU
		{E39A7C2B-9BA2-4BD6-96BE-D311368927F0}.Release|Any CPU.ActiveCfg = Release|Any CPU
		{E39A7C2B-9BA2-4BD6-96BE-D311368927F0}.Release|Any CPU.Build.0 = Release|Any CPU
	EndGlobalSection
	GlobalSection(SolutionProperties) = preSolution
		HideSolutionNode = FALSE
	EndGlobalSection
	GlobalSection(ExtensibilityGlobals) = postSolution
		SolutionGuid = {47270D06-8876-4F4C-A3B2-3B40D82E2E6B}
	EndGlobalSection
EndGlobal
