
Microsoft Visual Studio Solution File, Format Version 12.00
# Visual Studio Version 16
VisualStudioVersion = 16.0.30128.74
MinimumVisualStudioVersion = 10.0.40219.1
Project("{9A19103F-16F7-4668-BE54-9A1E7A4F7556}") = "QAP-EVALUTION", "QAP-EVALUTION.csproj", "{96CF7B85-7006-4DA8-B6B0-F1099828E922}"
EndProject
Project("{9A19103F-16F7-4668-BE54-9A1E7A4F7556}") = "QAPenviron", "..\QAPenviron\QAPenviron.csproj", "{9DF7481D-B8C2-4BFD-B017-1FE80868F62F}"
EndProject
Project("{9A19103F-16F7-4668-BE54-9A1E7A4F7556}") = "AlgorithmsBaseStats", "..\AlgorithmsBaseStats\AlgorithmsBaseStats.csproj", "{0B3F69AE-89C3-4D62-9894-E18D2F9CBF5E}"
EndProject
Global
	GlobalSection(SolutionConfigurationPlatforms) = preSolution
		Debug|Any CPU = Debug|Any CPU
		Release|Any CPU = Release|Any CPU
	EndGlobalSection
	GlobalSection(ProjectConfigurationPlatforms) = postSolution
		{96CF7B85-7006-4DA8-B6B0-F1099828E922}.Debug|Any CPU.ActiveCfg = Debug|Any CPU
		{96CF7B85-7006-4DA8-B6B0-F1099828E922}.Debug|Any CPU.Build.0 = Debug|Any CPU
		{96CF7B85-7006-4DA8-B6B0-F1099828E922}.Release|Any CPU.ActiveCfg = Release|Any CPU
		{96CF7B85-7006-4DA8-B6B0-F1099828E922}.Release|Any CPU.Build.0 = Release|Any CPU
		{9DF7481D-B8C2-4BFD-B017-1FE80868F62F}.Debug|Any CPU.ActiveCfg = Debug|Any CPU
		{9DF7481D-B8C2-4BFD-B017-1FE80868F62F}.Debug|Any CPU.Build.0 = Debug|Any CPU
		{9DF7481D-B8C2-4BFD-B017-1FE80868F62F}.Release|Any CPU.ActiveCfg = Release|Any CPU
		{9DF7481D-B8C2-4BFD-B017-1FE80868F62F}.Release|Any CPU.Build.0 = Release|Any CPU
		{0B3F69AE-89C3-4D62-9894-E18D2F9CBF5E}.Debug|Any CPU.ActiveCfg = Debug|Any CPU
		{0B3F69AE-89C3-4D62-9894-E18D2F9CBF5E}.Debug|Any CPU.Build.0 = Debug|Any CPU
		{0B3F69AE-89C3-4D62-9894-E18D2F9CBF5E}.Release|Any CPU.ActiveCfg = Release|Any CPU
		{0B3F69AE-89C3-4D62-9894-E18D2F9CBF5E}.Release|Any CPU.Build.0 = Release|Any CPU
	EndGlobalSection
	GlobalSection(SolutionProperties) = preSolution
		HideSolutionNode = FALSE
	EndGlobalSection
	GlobalSection(ExtensibilityGlobals) = postSolution
		SolutionGuid = {B8356FE8-2967-4C67-BF24-3D2951FF93F8}
	EndGlobalSection
EndGlobal
