
Microsoft Visual Studio Solution File, Format Version 12.00
# Visual Studio Version 16
VisualStudioVersion = 16.0.29911.84
MinimumVisualStudioVersion = 10.0.40219.1
Project("{FAE04EC0-301F-11D3-BF4B-00C04F79EFBC}") = "QAP-test-generator", "QAP-test-generator.csproj", "{937EE055-86AE-4F2B-8675-8C52AE63AA86}"
EndProject
Global
	GlobalSection(SolutionConfigurationPlatforms) = preSolution
		Debug|Any CPU = Debug|Any CPU
		Release|Any CPU = Release|Any CPU
	EndGlobalSection
	GlobalSection(ProjectConfigurationPlatforms) = postSolution
		{937EE055-86AE-4F2B-8675-8C52AE63AA86}.Debug|Any CPU.ActiveCfg = Debug|Any CPU
		{937EE055-86AE-4F2B-8675-8C52AE63AA86}.Debug|Any CPU.Build.0 = Debug|Any CPU
		{937EE055-86AE-4F2B-8675-8C52AE63AA86}.Release|Any CPU.ActiveCfg = Release|Any CPU
		{937EE055-86AE-4F2B-8675-8C52AE63AA86}.Release|Any CPU.Build.0 = Release|Any CPU
	EndGlobalSection
	GlobalSection(SolutionProperties) = preSolution
		HideSolutionNode = FALSE
	EndGlobalSection
	GlobalSection(ExtensibilityGlobals) = postSolution
		SolutionGuid = {64B6D594-E501-479B-8D53-A0B27AB26943}
	EndGlobalSection
EndGlobal
